
Microsoft Visual Studio Solution File, Format Version 12.00
# Visual Studio Version 16
VisualStudioVersion = 16.0.29009.5
MinimumVisualStudioVersion = 10.0.40219.1
Project("{FAE04EC0-301F-11D3-BF4B-00C04F79EFBC}") = "ImplicitPackageReference", "CustomTask2\ImplicitPackageReference.csproj", "{A0CCD6F5-CD14-4C4A-B0F3-5D424ADF69A9}"
EndProject
Project("{FAE04EC0-301F-11D3-BF4B-00C04F79EFBC}") = "ImplicitPackageReferenceUnitTests", "ImplicitPackageReferenceUnitTests\ImplicitPackageReferenceUnitTests.csproj", "{26B369C2-AA3C-4DBE-9220-5BDA6EF61068}"
EndProject
Global
	GlobalSection(SolutionConfigurationPlatforms) = preSolution
		Debug|Any CPU = Debug|Any CPU
		Release|Any CPU = Release|Any CPU
	EndGlobalSection
	GlobalSection(ProjectConfigurationPlatforms) = postSolution
		{A0CCD6F5-CD14-4C4A-B0F3-5D424ADF69A9}.Debug|Any CPU.ActiveCfg = Debug|Any CPU
		{A0CCD6F5-CD14-4C4A-B0F3-5D424ADF69A9}.Debug|Any CPU.Build.0 = Debug|Any CPU
		{A0CCD6F5-CD14-4C4A-B0F3-5D424ADF69A9}.Release|Any CPU.ActiveCfg = Release|Any CPU
		{A0CCD6F5-CD14-4C4A-B0F3-5D424ADF69A9}.Release|Any CPU.Build.0 = Release|Any CPU
		{26B369C2-AA3C-4DBE-9220-5BDA6EF61068}.Debug|Any CPU.ActiveCfg = Debug|Any CPU
		{26B369C2-AA3C-4DBE-9220-5BDA6EF61068}.Debug|Any CPU.Build.0 = Debug|Any CPU
		{26B369C2-AA3C-4DBE-9220-5BDA6EF61068}.Release|Any CPU.ActiveCfg = Release|Any CPU
		{26B369C2-AA3C-4DBE-9220-5BDA6EF61068}.Release|Any CPU.Build.0 = Release|Any CPU
	EndGlobalSection
	GlobalSection(SolutionProperties) = preSolution
		HideSolutionNode = FALSE
	EndGlobalSection
	GlobalSection(ExtensibilityGlobals) = postSolution
		SolutionGuid = {E65F02BF-5D8E-449A-A917-E27BD4974E88}
	EndGlobalSection
EndGlobal
